// !$*UTF8*$!
{
	archiveVersion = 1;
	classes = {
	};
	objectVersion = 46;
	objects = {

/* Begin PBXBuildFile section */
		B529CB1970C0F06EE910CE59 /* Pods_WhiteRabbitCommon.framework in Frameworks */ = {isa = PBXBuildFile; fileRef = 979B8A2EF1414BA871EF80DE /* Pods_WhiteRabbitCommon.framework */; };
		ED841DD81CC8D7B600A9E579 /* WhiteRabbitAssets.xcassets in Resources */ = {isa = PBXBuildFile; fileRef = ED841DD71CC8D7B600A9E579 /* WhiteRabbitAssets.xcassets */; };
		EDA8F3D01CC603C60097D2D8 /* WhiteRabbitCommon.h in Headers */ = {isa = PBXBuildFile; fileRef = EDA8F3CF1CC603C60097D2D8 /* WhiteRabbitCommon.h */; settings = {ATTRIBUTES = (Public, ); }; };
		EDA8F3DF1CC604160097D2D8 /* Extensions.swift in Sources */ = {isa = PBXBuildFile; fileRef = EDA8F3DE1CC604160097D2D8 /* Extensions.swift */; };
/* End PBXBuildFile section */

/* Begin PBXFileReference section */
		979B8A2EF1414BA871EF80DE /* Pods_WhiteRabbitCommon.framework */ = {isa = PBXFileReference; explicitFileType = wrapper.framework; includeInIndex = 0; path = Pods_WhiteRabbitCommon.framework; sourceTree = BUILT_PRODUCTS_DIR; };
		BF363B79F2155F47431EBFE8 /* Pods-WhiteRabbitCommon.release.xcconfig */ = {isa = PBXFileReference; includeInIndex = 1; lastKnownFileType = text.xcconfig; name = "Pods-WhiteRabbitCommon.release.xcconfig"; path = "Pods/Target Support Files/Pods-WhiteRabbitCommon/Pods-WhiteRabbitCommon.release.xcconfig"; sourceTree = "<group>"; };
		D68F19865B2BE438D9DDC379 /* Pods-WhiteRabbitCommon.debug.xcconfig */ = {isa = PBXFileReference; includeInIndex = 1; lastKnownFileType = text.xcconfig; name = "Pods-WhiteRabbitCommon.debug.xcconfig"; path = "Pods/Target Support Files/Pods-WhiteRabbitCommon/Pods-WhiteRabbitCommon.debug.xcconfig"; sourceTree = "<group>"; };
		ED0734BE1CD1BF810050CCE9 /* Parse.framework */ = {isa = PBXFileReference; lastKnownFileType = wrapper.framework; name = Parse.framework; path = Frameworks/Parse.framework; sourceTree = "<group>"; };
		ED841DD71CC8D7B600A9E579 /* WhiteRabbitAssets.xcassets */ = {isa = PBXFileReference; lastKnownFileType = folder.assetcatalog; path = WhiteRabbitAssets.xcassets; sourceTree = "<group>"; };
		EDA8F3CC1CC603C60097D2D8 /* WhiteRabbitCommon.framework */ = {isa = PBXFileReference; explicitFileType = wrapper.framework; includeInIndex = 0; path = WhiteRabbitCommon.framework; sourceTree = BUILT_PRODUCTS_DIR; };
		EDA8F3CF1CC603C60097D2D8 /* WhiteRabbitCommon.h */ = {isa = PBXFileReference; lastKnownFileType = sourcecode.c.h; path = WhiteRabbitCommon.h; sourceTree = "<group>"; };
		EDA8F3D11CC603C60097D2D8 /* Info.plist */ = {isa = PBXFileReference; lastKnownFileType = text.plist.xml; path = Info.plist; sourceTree = "<group>"; };
		EDA8F3DE1CC604160097D2D8 /* Extensions.swift */ = {isa = PBXFileReference; fileEncoding = 4; lastKnownFileType = sourcecode.swift; path = Extensions.swift; sourceTree = "<group>"; };
/* End PBXFileReference section */

/* Begin PBXFrameworksBuildPhase section */
		EDA8F3C81CC603C60097D2D8 /* Frameworks */ = {
			isa = PBXFrameworksBuildPhase;
			buildActionMask = 2147483647;
			files = (
				B529CB1970C0F06EE910CE59 /* Pods_WhiteRabbitCommon.framework in Frameworks */,
			);
			runOnlyForDeploymentPostprocessing = 0;
		};
/* End PBXFrameworksBuildPhase section */

/* Begin PBXGroup section */
		DD0FEB979544D2B2CFB5EE52 /* Pods */ = {
			isa = PBXGroup;
			children = (
				D68F19865B2BE438D9DDC379 /* Pods-WhiteRabbitCommon.debug.xcconfig */,
				BF363B79F2155F47431EBFE8 /* Pods-WhiteRabbitCommon.release.xcconfig */,
			);
			name = Pods;
			sourceTree = "<group>";
		};
		ED0734C01CD1BF880050CCE9 /* Frameworks */ = {
			isa = PBXGroup;
			children = (
				ED0734BE1CD1BF810050CCE9 /* Parse.framework */,
				979B8A2EF1414BA871EF80DE /* Pods_WhiteRabbitCommon.framework */,
			);
			name = Frameworks;
			sourceTree = "<group>";
		};
		EDA8F3C21CC603C60097D2D8 = {
			isa = PBXGroup;
			children = (
				ED0734C01CD1BF880050CCE9 /* Frameworks */,
				EDA8F3CE1CC603C60097D2D8 /* WhiteRabbitCommon */,
				EDA8F3CD1CC603C60097D2D8 /* Products */,
				DD0FEB979544D2B2CFB5EE52 /* Pods */,
			);
			sourceTree = "<group>";
		};
		EDA8F3CD1CC603C60097D2D8 /* Products */ = {
			isa = PBXGroup;
			children = (
				EDA8F3CC1CC603C60097D2D8 /* WhiteRabbitCommon.framework */,
			);
			name = Products;
			sourceTree = "<group>";
		};
		EDA8F3CE1CC603C60097D2D8 /* WhiteRabbitCommon */ = {
			isa = PBXGroup;
			children = (
				EDA8F3CF1CC603C60097D2D8 /* WhiteRabbitCommon.h */,
				EDA8F3D11CC603C60097D2D8 /* Info.plist */,
				EDA8F3DE1CC604160097D2D8 /* Extensions.swift */,
				ED841DD71CC8D7B600A9E579 /* WhiteRabbitAssets.xcassets */,
			);
			path = WhiteRabbitCommon;
			sourceTree = "<group>";
		};
/* End PBXGroup section */

/* Begin PBXHeadersBuildPhase section */
		EDA8F3C91CC603C60097D2D8 /* Headers */ = {
			isa = PBXHeadersBuildPhase;
			buildActionMask = 2147483647;
			files = (
				EDA8F3D01CC603C60097D2D8 /* WhiteRabbitCommon.h in Headers */,
			);
			runOnlyForDeploymentPostprocessing = 0;
		};
/* End PBXHeadersBuildPhase section */

/* Begin PBXNativeTarget section */
		EDA8F3CB1CC603C60097D2D8 /* WhiteRabbitCommon */ = {
			isa = PBXNativeTarget;
			buildConfigurationList = EDA8F3D41CC603C60097D2D8 /* Build configuration list for PBXNativeTarget "WhiteRabbitCommon" */;
			buildPhases = (
				62EDC94D20B2E572B37ADD11 /* 📦 Check Pods Manifest.lock */,
				EDA8F3C71CC603C60097D2D8 /* Sources */,
				EDA8F3C81CC603C60097D2D8 /* Frameworks */,
				EDA8F3C91CC603C60097D2D8 /* Headers */,
				EDA8F3CA1CC603C60097D2D8 /* Resources */,
				0DD0BF0DF01FB7E6AD69964E /* 📦 Copy Pods Resources */,
			);
			buildRules = (
			);
			dependencies = (
			);
			name = WhiteRabbitCommon;
			productName = WhiteRabbitCommon;
			productReference = EDA8F3CC1CC603C60097D2D8 /* WhiteRabbitCommon.framework */;
			productType = "com.apple.product-type.framework";
		};
/* End PBXNativeTarget section */

/* Begin PBXProject section */
		EDA8F3C31CC603C60097D2D8 /* Project object */ = {
			isa = PBXProject;
			attributes = {
				LastUpgradeCheck = 0730;
				ORGANIZATIONNAME = "White Rabbit Apps";
				TargetAttributes = {
					EDA8F3CB1CC603C60097D2D8 = {
						CreatedOnToolsVersion = 7.3;
					};
				};
			};
			buildConfigurationList = EDA8F3C61CC603C60097D2D8 /* Build configuration list for PBXProject "WhiteRabbitCommon" */;
			compatibilityVersion = "Xcode 3.2";
			developmentRegion = English;
			hasScannedForEncodings = 0;
			knownRegions = (
				en,
			);
			mainGroup = EDA8F3C21CC603C60097D2D8;
			productRefGroup = EDA8F3CD1CC603C60097D2D8 /* Products */;
			projectDirPath = "";
			projectRoot = "";
			targets = (
				EDA8F3CB1CC603C60097D2D8 /* WhiteRabbitCommon */,
			);
		};
/* End PBXProject section */

/* Begin PBXResourcesBuildPhase section */
		EDA8F3CA1CC603C60097D2D8 /* Resources */ = {
			isa = PBXResourcesBuildPhase;
			buildActionMask = 2147483647;
			files = (
				ED841DD81CC8D7B600A9E579 /* WhiteRabbitAssets.xcassets in Resources */,
			);
			runOnlyForDeploymentPostprocessing = 0;
		};
/* End PBXResourcesBuildPhase section */

/* Begin PBXShellScriptBuildPhase section */
		0DD0BF0DF01FB7E6AD69964E /* 📦 Copy Pods Resources */ = {
			isa = PBXShellScriptBuildPhase;
			buildActionMask = 2147483647;
			files = (
			);
			inputPaths = (
			);
			name = "📦 Copy Pods Resources";
			outputPaths = (
			);
			runOnlyForDeploymentPostprocessing = 0;
			shellPath = /bin/sh;
			shellScript = "\"${SRCROOT}/Pods/Target Support Files/Pods-WhiteRabbitCommon/Pods-WhiteRabbitCommon-resources.sh\"\n";
			showEnvVarsInLog = 0;
		};
		62EDC94D20B2E572B37ADD11 /* 📦 Check Pods Manifest.lock */ = {
			isa = PBXShellScriptBuildPhase;
			buildActionMask = 2147483647;
			files = (
			);
			inputPaths = (
			);
			name = "📦 Check Pods Manifest.lock";
			outputPaths = (
			);
			runOnlyForDeploymentPostprocessing = 0;
			shellPath = /bin/sh;
			shellScript = "diff \"${PODS_ROOT}/../Podfile.lock\" \"${PODS_ROOT}/Manifest.lock\" > /dev/null\nif [[ $? != 0 ]] ; then\n    cat << EOM\nerror: The sandbox is not in sync with the Podfile.lock. Run 'pod install' or update your CocoaPods installation.\nEOM\n    exit 1\nfi\n";
			showEnvVarsInLog = 0;
		};
/* End PBXShellScriptBuildPhase section */

/* Begin PBXSourcesBuildPhase section */
		EDA8F3C71CC603C60097D2D8 /* Sources */ = {
			isa = PBXSourcesBuildPhase;
			buildActionMask = 2147483647;
			files = (
				EDA8F3DF1CC604160097D2D8 /* Extensions.swift in Sources */,
			);
			runOnlyForDeploymentPostprocessing = 0;
		};
/* End PBXSourcesBuildPhase section */

/* Begin XCBuildConfiguration section */
		EDA8F3D21CC603C60097D2D8 /* Debug */ = {
			isa = XCBuildConfiguration;
			buildSettings = {
				ALWAYS_SEARCH_USER_PATHS = NO;
				CLANG_ANALYZER_NONNULL = YES;
				CLANG_CXX_LANGUAGE_STANDARD = "gnu++0x";
				CLANG_CXX_LIBRARY = "libc++";
				CLANG_ENABLE_MODULES = YES;
				CLANG_ENABLE_OBJC_ARC = YES;
				CLANG_WARN_BOOL_CONVERSION = YES;
				CLANG_WARN_CONSTANT_CONVERSION = YES;
				CLANG_WARN_DIRECT_OBJC_ISA_USAGE = YES_ERROR;
				CLANG_WARN_EMPTY_BODY = YES;
				CLANG_WARN_ENUM_CONVERSION = YES;
				CLANG_WARN_INT_CONVERSION = YES;
				CLANG_WARN_OBJC_ROOT_CLASS = YES_ERROR;
				CLANG_WARN_UNREACHABLE_CODE = YES;
				CLANG_WARN__DUPLICATE_METHOD_MATCH = YES;
				"CODE_SIGN_IDENTITY[sdk=iphoneos*]" = "iPhone Developer";
				COPY_PHASE_STRIP = NO;
				CURRENT_PROJECT_VERSION = 1;
				DEBUG_INFORMATION_FORMAT = dwarf;
				ENABLE_STRICT_OBJC_MSGSEND = YES;
				ENABLE_TESTABILITY = YES;
				GCC_C_LANGUAGE_STANDARD = gnu99;
				GCC_DYNAMIC_NO_PIC = NO;
				GCC_NO_COMMON_BLOCKS = YES;
				GCC_OPTIMIZATION_LEVEL = 0;
				GCC_PREPROCESSOR_DEFINITIONS = (
					"DEBUG=1",
					"$(inherited)",
				);
				GCC_WARN_64_TO_32_BIT_CONVERSION = YES;
				GCC_WARN_ABOUT_RETURN_TYPE = YES_ERROR;
				GCC_WARN_UNDECLARED_SELECTOR = YES;
				GCC_WARN_UNINITIALIZED_AUTOS = YES_AGGRESSIVE;
				GCC_WARN_UNUSED_FUNCTION = YES;
				GCC_WARN_UNUSED_VARIABLE = YES;
				IPHONEOS_DEPLOYMENT_TARGET = 9.3;
				MTL_ENABLE_DEBUG_INFO = YES;
				ONLY_ACTIVE_ARCH = YES;
				SDKROOT = iphoneos;
				SWIFT_OPTIMIZATION_LEVEL = "-Onone";
				TARGETED_DEVICE_FAMILY = "1,2";
				VERSIONING_SYSTEM = "apple-generic";
				VERSION_INFO_PREFIX = "";
			};
			name = Debug;
		};
		EDA8F3D31CC603C60097D2D8 /* Release */ = {
			isa = XCBuildConfiguration;
			buildSettings = {
				ALWAYS_SEARCH_USER_PATHS = NO;
				CLANG_ANALYZER_NONNULL = YES;
				CLANG_CXX_LANGUAGE_STANDARD = "gnu++0x";
				CLANG_CXX_LIBRARY = "libc++";
				CLANG_ENABLE_MODULES = YES;
				CLANG_ENABLE_OBJC_ARC = YES;
				CLANG_WARN_BOOL_CONVERSION = YES;
				CLANG_WARN_CONSTANT_CONVERSION = YES;
				CLANG_WARN_DIRECT_OBJC_ISA_USAGE = YES_ERROR;
				CLANG_WARN_EMPTY_BODY = YES;
				CLANG_WARN_ENUM_CONVERSION = YES;
				CLANG_WARN_INT_CONVERSION = YES;
				CLANG_WARN_OBJC_ROOT_CLASS = YES_ERROR;
				CLANG_WARN_UNREACHABLE_CODE = YES;
				CLANG_WARN__DUPLICATE_METHOD_MATCH = YES;
				"CODE_SIGN_IDENTITY[sdk=iphoneos*]" = "iPhone Developer";
				COPY_PHASE_STRIP = NO;
				CURRENT_PROJECT_VERSION = 1;
				DEBUG_INFORMATION_FORMAT = "dwarf-with-dsym";
				ENABLE_NS_ASSERTIONS = NO;
				ENABLE_STRICT_OBJC_MSGSEND = YES;
				GCC_C_LANGUAGE_STANDARD = gnu99;
				GCC_NO_COMMON_BLOCKS = YES;
				GCC_WARN_64_TO_32_BIT_CONVERSION = YES;
				GCC_WARN_ABOUT_RETURN_TYPE = YES_ERROR;
				GCC_WARN_UNDECLARED_SELECTOR = YES;
				GCC_WARN_UNINITIALIZED_AUTOS = YES_AGGRESSIVE;
				GCC_WARN_UNUSED_FUNCTION = YES;
				GCC_WARN_UNUSED_VARIABLE = YES;
				IPHONEOS_DEPLOYMENT_TARGET = 9.3;
				MTL_ENABLE_DEBUG_INFO = NO;
				SDKROOT = iphoneos;
				TARGETED_DEVICE_FAMILY = "1,2";
				VALIDATE_PRODUCT = YES;
				VERSIONING_SYSTEM = "apple-generic";
				VERSION_INFO_PREFIX = "";
			};
			name = Release;
		};
		EDA8F3D51CC603C60097D2D8 /* Debug */ = {
			isa = XCBuildConfiguration;
			baseConfigurationReference = D68F19865B2BE438D9DDC379 /* Pods-WhiteRabbitCommon.debug.xcconfig */;
			buildSettings = {
				CLANG_ENABLE_MODULES = YES;
				DEFINES_MODULE = YES;
				DYLIB_COMPATIBILITY_VERSION = 1;
				DYLIB_CURRENT_VERSION = 1;
				DYLIB_INSTALL_NAME_BASE = "@rpath";
				FRAMEWORK_SEARCH_PATHS = (
					"$(inherited)",
					"$(PROJECT_DIR)/Frameworks",
				);
				INFOPLIST_FILE = WhiteRabbitCommon/Info.plist;
				INSTALL_PATH = "$(LOCAL_LIBRARY_DIR)/Frameworks";
				LD_RUNPATH_SEARCH_PATHS = "$(inherited) @executable_path/Frameworks @loader_path/Frameworks";
				PRODUCT_BUNDLE_IDENTIFIER = net.whiterabbitapps.WhiteRabbitCommon;
				PRODUCT_NAME = "$(TARGET_NAME)";
				SKIP_INSTALL = YES;
				SWIFT_OBJC_BRIDGING_HEADER = "";
				SWIFT_OPTIMIZATION_LEVEL = "-Onone";
			};
			name = Debug;
		};
		EDA8F3D61CC603C60097D2D8 /* Release */ = {
			isa = XCBuildConfiguration;
			baseConfigurationReference = BF363B79F2155F47431EBFE8 /* Pods-WhiteRabbitCommon.release.xcconfig */;
			buildSettings = {
				CLANG_ENABLE_MODULES = YES;
				DEFINES_MODULE = YES;
				DYLIB_COMPATIBILITY_VERSION = 1;
				DYLIB_CURRENT_VERSION = 1;
				DYLIB_INSTALL_NAME_BASE = "@rpath";
				FRAMEWORK_SEARCH_PATHS = (
					"$(inherited)",
					"$(PROJECT_DIR)/Frameworks",
				);
				INFOPLIST_FILE = WhiteRabbitCommon/Info.plist;
				INSTALL_PATH = "$(LOCAL_LIBRARY_DIR)/Frameworks";
				LD_RUNPATH_SEARCH_PATHS = "$(inherited) @executable_path/Frameworks @loader_path/Frameworks";
				PRODUCT_BUNDLE_IDENTIFIER = net.whiterabbitapps.WhiteRabbitCommon;
				PRODUCT_NAME = "$(TARGET_NAME)";
				SKIP_INSTALL = YES;
				SWIFT_OBJC_BRIDGING_HEADER = "";
			};
			name = Release;
		};
/* End XCBuildConfiguration section */

/* Begin XCConfigurationList section */
		EDA8F3C61CC603C60097D2D8 /* Build configuration list for PBXProject "WhiteRabbitCommon" */ = {
			isa = XCConfigurationList;
			buildConfigurations = (
				EDA8F3D21CC603C60097D2D8 /* Debug */,
				EDA8F3D31CC603C60097D2D8 /* Release */,
			);
			defaultConfigurationIsVisible = 0;
			defaultConfigurationName = Release;
		};
		EDA8F3D41CC603C60097D2D8 /* Build configuration list for PBXNativeTarget "WhiteRabbitCommon" */ = {
			isa = XCConfigurationList;
			buildConfigurations = (
				EDA8F3D51CC603C60097D2D8 /* Debug */,
				EDA8F3D61CC603C60097D2D8 /* Release */,
			);
			defaultConfigurationIsVisible = 0;
			defaultConfigurationName = Release;
		};
/* End XCConfigurationList section */
	};
	rootObject = EDA8F3C31CC603C60097D2D8 /* Project object */;
}
